
Microsoft Visual Studio Solution File, Format Version 12.00
# Visual Studio Version 16
VisualStudioVersion = 16.0.31129.286
MinimumVisualStudioVersion = 10.0.40219.1
Project("{FAE04EC0-301F-11D3-BF4B-00C04F79EFBC}") = "PassionProjUditesh", "PassionProjUditesh\PassionProjUditesh.csproj", "{3735AE2D-031D-4895-BB4E-4515ACF8982E}"
EndProject
Global
	GlobalSection(SolutionConfigurationPlatforms) = preSolution
		Debug|Any CPU = Debug|Any CPU
		Release|Any CPU = Release|Any CPU
	EndGlobalSection
	GlobalSection(ProjectConfigurationPlatforms) = postSolution
		{3735AE2D-031D-4895-BB4E-4515ACF8982E}.Debug|Any CPU.ActiveCfg = Debug|Any CPU
		{3735AE2D-031D-4895-BB4E-4515ACF8982E}.Debug|Any CPU.Build.0 = Debug|Any CPU
		{3735AE2D-031D-4895-BB4E-4515ACF8982E}.Release|Any CPU.ActiveCfg = Release|Any CPU
		{3735AE2D-031D-4895-BB4E-4515ACF8982E}.Release|Any CPU.Build.0 = Release|Any CPU
	EndGlobalSection
	GlobalSection(SolutionProperties) = preSolution
		HideSolutionNode = FALSE
	EndGlobalSection
	GlobalSection(ExtensibilityGlobals) = postSolution
		SolutionGuid = {85D1593C-A05E-4AD1-95B8-7C294DA433F7}
	EndGlobalSection
EndGlobal
